
Microsoft Visual Studio Solution File, Format Version 12.00
# Visual Studio 15
VisualStudioVersion = 15.0.28307.1062
MinimumVisualStudioVersion = 10.0.40219.1
Project("{FAE04EC0-301F-11D3-BF4B-00C04F79EFBC}") = "BindingExample2.Android", "BindingExample2\BindingExample2.Android\BindingExample2.Android.csproj", "{6017E8E8-3B91-4D17-8045-16E2482AFB94}"
EndProject
Project("{FAE04EC0-301F-11D3-BF4B-00C04F79EFBC}") = "BindingExample2.iOS", "BindingExample2\BindingExample2.iOS\BindingExample2.iOS.csproj", "{873095DE-A4E7-404C-8352-2CE71DD7E5DB}"
EndProject
Project("{FAE04EC0-301F-11D3-BF4B-00C04F79EFBC}") = "BindingExample2", "BindingExample2\BindingExample2\BindingExample2.csproj", "{5E4080A6-DE8F-4932-AFD8-56F7332E2F4D}"
EndProject
Global
	GlobalSection(SolutionConfigurationPlatforms) = preSolution
		Ad-Hoc|Any CPU = Ad-Hoc|Any CPU
		Ad-Hoc|iPhone = Ad-Hoc|iPhone
		Ad-Hoc|iPhoneSimulator = Ad-Hoc|iPhoneSimulator
		AppStore|Any CPU = AppStore|Any CPU
		AppStore|iPhone = AppStore|iPhone
		AppStore|iPhoneSimulator = AppStore|iPhoneSimulator
		Debug|Any CPU = Debug|Any CPU
		Debug|iPhone = Debug|iPhone
		Debug|iPhoneSimulator = Debug|iPhoneSimulator
		Release|Any CPU = Release|Any CPU
		Release|iPhone = Release|iPhone
		Release|iPhoneSimulator = Release|iPhoneSimulator
	EndGlobalSection
	GlobalSection(ProjectConfigurationPlatforms) = postSolution
		{6017E8E8-3B91-4D17-8045-16E2482AFB94}.Ad-Hoc|Any CPU.ActiveCfg = Release|Any CPU
		{6017E8E8-3B91-4D17-8045-16E2482AFB94}.Ad-Hoc|Any CPU.Build.0 = Release|Any CPU
		{6017E8E8-3B91-4D17-8045-16E2482AFB94}.Ad-Hoc|Any CPU.Deploy.0 = Release|Any CPU
		{6017E8E8-3B91-4D17-8045-16E2482AFB94}.Ad-Hoc|iPhone.ActiveCfg = Release|Any CPU
		{6017E8E8-3B91-4D17-8045-16E2482AFB94}.Ad-Hoc|iPhone.Build.0 = Release|Any CPU
		{6017E8E8-3B91-4D17-8045-16E2482AFB94}.Ad-Hoc|iPhone.Deploy.0 = Release|Any CPU
		{6017E8E8-3B91-4D17-8045-16E2482AFB94}.Ad-Hoc|iPhoneSimulator.ActiveCfg = Release|Any CPU
		{6017E8E8-3B91-4D17-8045-16E2482AFB94}.Ad-Hoc|iPhoneSimulator.Build.0 = Release|Any CPU
		{6017E8E8-3B91-4D17-8045-16E2482AFB94}.Ad-Hoc|iPhoneSimulator.Deploy.0 = Release|Any CPU
		{6017E8E8-3B91-4D17-8045-16E2482AFB94}.AppStore|Any CPU.ActiveCfg = Release|Any CPU
		{6017E8E8-3B91-4D17-8045-16E2482AFB94}.AppStore|Any CPU.Build.0 = Release|Any CPU
		{6017E8E8-3B91-4D17-8045-16E2482AFB94}.AppStore|Any CPU.Deploy.0 = Release|Any CPU
		{6017E8E8-3B91-4D17-8045-16E2482AFB94}.AppStore|iPhone.ActiveCfg = Release|Any CPU
		{6017E8E8-3B91-4D17-8045-16E2482AFB94}.AppStore|iPhone.Build.0 = Release|Any CPU
		{6017E8E8-3B91-4D17-8045-16E2482AFB94}.AppStore|iPhone.Deploy.0 = Release|Any CPU
		{6017E8E8-3B91-4D17-8045-16E2482AFB94}.AppStore|iPhoneSimulator.ActiveCfg = Release|Any CPU
		{6017E8E8-3B91-4D17-8045-16E2482AFB94}.AppStore|iPhoneSimulator.Build.0 = Release|Any CPU
		{6017E8E8-3B91-4D17-8045-16E2482AFB94}.AppStore|iPhoneSimulator.Deploy.0 = Release|Any CPU
		{6017E8E8-3B91-4D17-8045-16E2482AFB94}.Debug|Any CPU.ActiveCfg = Debug|Any CPU
		{6017E8E8-3B91-4D17-8045-16E2482AFB94}.Debug|Any CPU.Build.0 = Debug|Any CPU
		{6017E8E8-3B91-4D17-8045-16E2482AFB94}.Debug|Any CPU.Deploy.0 = Debug|Any CPU
		{6017E8E8-3B91-4D17-8045-16E2482AFB94}.Debug|iPhone.ActiveCfg = Debug|Any CPU
		{6017E8E8-3B91-4D17-8045-16E2482AFB94}.Debug|iPhone.Build.0 = Debug|Any CPU
		{6017E8E8-3B91-4D17-8045-16E2482AFB94}.Debug|iPhone.Deploy.0 = Debug|Any CPU
		{6017E8E8-3B91-4D17-8045-16E2482AFB94}.Debug|iPhoneSimulator.ActiveCfg = Debug|Any CPU
		{6017E8E8-3B91-4D17-8045-16E2482AFB94}.Debug|iPhoneSimulator.Build.0 = Debug|Any CPU
		{6017E8E8-3B91-4D17-8045-16E2482AFB94}.Debug|iPhoneSimulator.Deploy.0 = Debug|Any CPU
		{6017E8E8-3B91-4D17-8045-16E2482AFB94}.Release|Any CPU.ActiveCfg = Release|Any CPU
		{6017E8E8-3B91-4D17-8045-16E2482AFB94}.Release|Any CPU.Build.0 = Release|Any CPU
		{6017E8E8-3B91-4D17-8045-16E2482AFB94}.Release|Any CPU.Deploy.0 = Release|Any CPU
		{6017E8E8-3B91-4D17-8045-16E2482AFB94}.Release|iPhone.ActiveCfg = Release|Any CPU
		{6017E8E8-3B91-4D17-8045-16E2482AFB94}.Release|iPhone.Build.0 = Release|Any CPU
		{6017E8E8-3B91-4D17-8045-16E2482AFB94}.Release|iPhone.Deploy.0 = Release|Any CPU
		{6017E8E8-3B91-4D17-8045-16E2482AFB94}.Release|iPhoneSimulator.ActiveCfg = Release|Any CPU
		{6017E8E8-3B91-4D17-8045-16E2482AFB94}.Release|iPhoneSimulator.Build.0 = Release|Any CPU
		{6017E8E8-3B91-4D17-8045-16E2482AFB94}.Release|iPhoneSimulator.Deploy.0 = Release|Any CPU
		{873095DE-A4E7-404C-8352-2CE71DD7E5DB}.Ad-Hoc|Any CPU.ActiveCfg = Ad-Hoc|iPhone
		{873095DE-A4E7-404C-8352-2CE71DD7E5DB}.Ad-Hoc|Any CPU.Build.0 = Ad-Hoc|iPhone
		{873095DE-A4E7-404C-8352-2CE71DD7E5DB}.Ad-Hoc|Any CPU.Deploy.0 = Ad-Hoc|iPhone
		{873095DE-A4E7-404C-8352-2CE71DD7E5DB}.Ad-Hoc|iPhone.ActiveCfg = Ad-Hoc|iPhone
		{873095DE-A4E7-404C-8352-2CE71DD7E5DB}.Ad-Hoc|iPhone.Build.0 = Ad-Hoc|iPhone
		{873095DE-A4E7-404C-8352-2CE71DD7E5DB}.Ad-Hoc|iPhone.Deploy.0 = Ad-Hoc|iPhone
		{873095DE-A4E7-404C-8352-2CE71DD7E5DB}.Ad-Hoc|iPhoneSimulator.ActiveCfg = Ad-Hoc|iPhoneSimulator
		{873095DE-A4E7-404C-8352-2CE71DD7E5DB}.Ad-Hoc|iPhoneSimulator.Build.0 = Ad-Hoc|iPhoneSimulator
		{873095DE-A4E7-404C-8352-2CE71DD7E5DB}.Ad-Hoc|iPhoneSimulator.Deploy.0 = Ad-Hoc|iPhoneSimulator
		{873095DE-A4E7-404C-8352-2CE71DD7E5DB}.AppStore|Any CPU.ActiveCfg = AppStore|iPhone
		{873095DE-A4E7-404C-8352-2CE71DD7E5DB}.AppStore|Any CPU.Build.0 = AppStore|iPhone
		{873095DE-A4E7-404C-8352-2CE71DD7E5DB}.AppStore|Any CPU.Deploy.0 = AppStore|iPhone
		{873095DE-A4E7-404C-8352-2CE71DD7E5DB}.AppStore|iPhone.ActiveCfg = AppStore|iPhone
		{873095DE-A4E7-404C-8352-2CE71DD7E5DB}.AppStore|iPhone.Build.0 = AppStore|iPhone
		{873095DE-A4E7-404C-8352-2CE71DD7E5DB}.AppStore|iPhone.Deploy.0 = AppStore|iPhone
		{873095DE-A4E7-404C-8352-2CE71DD7E5DB}.AppStore|iPhoneSimulator.ActiveCfg = AppStore|iPhoneSimulator
		{873095DE-A4E7-404C-8352-2CE71DD7E5DB}.AppStore|iPhoneSimulator.Build.0 = AppStore|iPhoneSimulator
		{873095DE-A4E7-404C-8352-2CE71DD7E5DB}.AppStore|iPhoneSimulator.Deploy.0 = AppStore|iPhoneSimulator
		{873095DE-A4E7-404C-8352-2CE71DD7E5DB}.Debug|Any CPU.ActiveCfg = Debug|iPhoneSimulator
		{873095DE-A4E7-404C-8352-2CE71DD7E5DB}.Debug|Any CPU.Build.0 = Debug|iPhoneSimulator
		{873095DE-A4E7-404C-8352-2CE71DD7E5DB}.Debug|Any CPU.Deploy.0 = Debug|iPhoneSimulator
		{873095DE-A4E7-404C-8352-2CE71DD7E5DB}.Debug|iPhone.ActiveCfg = Debug|iPhone
		{873095DE-A4E7-404C-8352-2CE71DD7E5DB}.Debug|iPhone.Build.0 = Debug|iPhone
		{873095DE-A4E7-404C-8352-2CE71DD7E5DB}.Debug|iPhone.Deploy.0 = Debug|iPhone
		{873095DE-A4E7-404C-8352-2CE71DD7E5DB}.Debug|iPhoneSimulator.ActiveCfg = Debug|iPhoneSimulator
		{873095DE-A4E7-404C-8352-2CE71DD7E5DB}.Debug|iPhoneSimulator.Build.0 = Debug|iPhoneSimulator
		{873095DE-A4E7-404C-8352-2CE71DD7E5DB}.Debug|iPhoneSimulator.Deploy.0 = Debug|iPhoneSimulator
		{873095DE-A4E7-404C-8352-2CE71DD7E5DB}.Release|Any CPU.ActiveCfg = Release|iPhone
		{873095DE-A4E7-404C-8352-2CE71DD7E5DB}.Release|Any CPU.Build.0 = Release|iPhone
		{873095DE-A4E7-404C-8352-2CE71DD7E5DB}.Release|Any CPU.Deploy.0 = Release|iPhone
		{873095DE-A4E7-404C-8352-2CE71DD7E5DB}.Release|iPhone.ActiveCfg = Release|iPhone
		{873095DE-A4E7-404C-8352-2CE71DD7E5DB}.Release|iPhone.Build.0 = Release|iPhone
		{873095DE-A4E7-404C-8352-2CE71DD7E5DB}.Release|iPhone.Deploy.0 = Release|iPhone
		{873095DE-A4E7-404C-8352-2CE71DD7E5DB}.Release|iPhoneSimulator.ActiveCfg = Release|iPhoneSimulator
		{873095DE-A4E7-404C-8352-2CE71DD7E5DB}.Release|iPhoneSimulator.Build.0 = Release|iPhoneSimulator
		{873095DE-A4E7-404C-8352-2CE71DD7E5DB}.Release|iPhoneSimulator.Deploy.0 = Release|iPhoneSimulator
		{5E4080A6-DE8F-4932-AFD8-56F7332E2F4D}.Ad-Hoc|Any CPU.ActiveCfg = Debug|Any CPU
		{5E4080A6-DE8F-4932-AFD8-56F7332E2F4D}.Ad-Hoc|Any CPU.Build.0 = Debug|Any CPU
		{5E4080A6-DE8F-4932-AFD8-56F7332E2F4D}.Ad-Hoc|Any CPU.Deploy.0 = Debug|Any CPU
		{5E4080A6-DE8F-4932-AFD8-56F7332E2F4D}.Ad-Hoc|iPhone.ActiveCfg = Debug|Any CPU
		{5E4080A6-DE8F-4932-AFD8-56F7332E2F4D}.Ad-Hoc|iPhone.Build.0 = Debug|Any CPU
		{5E4080A6-DE8F-4932-AFD8-56F7332E2F4D}.Ad-Hoc|iPhone.Deploy.0 = Debug|Any CPU
		{5E4080A6-DE8F-4932-AFD8-56F7332E2F4D}.Ad-Hoc|iPhoneSimulator.ActiveCfg = Debug|Any CPU
		{5E4080A6-DE8F-4932-AFD8-56F7332E2F4D}.Ad-Hoc|iPhoneSimulator.Build.0 = Debug|Any CPU
		{5E4080A6-DE8F-4932-AFD8-56F7332E2F4D}.Ad-Hoc|iPhoneSimulator.Deploy.0 = Debug|Any CPU
		{5E4080A6-DE8F-4932-AFD8-56F7332E2F4D}.AppStore|Any CPU.ActiveCfg = Debug|Any CPU
		{5E4080A6-DE8F-4932-AFD8-56F7332E2F4D}.AppStore|Any CPU.Build.0 = Debug|Any CPU
		{5E4080A6-DE8F-4932-AFD8-56F7332E2F4D}.AppStore|Any CPU.Deploy.0 = Debug|Any CPU
		{5E4080A6-DE8F-4932-AFD8-56F7332E2F4D}.AppStore|iPhone.ActiveCfg = Debug|Any CPU
		{5E4080A6-DE8F-4932-AFD8-56F7332E2F4D}.AppStore|iPhone.Build.0 = Debug|Any CPU
		{5E4080A6-DE8F-4932-AFD8-56F7332E2F4D}.AppStore|iPhone.Deploy.0 = Debug|Any CPU
		{5E4080A6-DE8F-4932-AFD8-56F7332E2F4D}.AppStore|iPhoneSimulator.ActiveCfg = Debug|Any CPU
		{5E4080A6-DE8F-4932-AFD8-56F7332E2F4D}.AppStore|iPhoneSimulator.Build.0 = Debug|Any CPU
		{5E4080A6-DE8F-4932-AFD8-56F7332E2F4D}.AppStore|iPhoneSimulator.Deploy.0 = Debug|Any CPU
		{5E4080A6-DE8F-4932-AFD8-56F7332E2F4D}.Debug|Any CPU.ActiveCfg = Debug|Any CPU
		{5E4080A6-DE8F-4932-AFD8-56F7332E2F4D}.Debug|Any CPU.Build.0 = Debug|Any CPU
		{5E4080A6-DE8F-4932-AFD8-56F7332E2F4D}.Debug|Any CPU.Deploy.0 = Debug|Any CPU
		{5E4080A6-DE8F-4932-AFD8-56F7332E2F4D}.Debug|iPhone.ActiveCfg = Debug|Any CPU
		{5E4080A6-DE8F-4932-AFD8-56F7332E2F4D}.Debug|iPhone.Build.0 = Debug|Any CPU
		{5E4080A6-DE8F-4932-AFD8-56F7332E2F4D}.Debug|iPhone.Deploy.0 = Debug|Any CPU
		{5E4080A6-DE8F-4932-AFD8-56F7332E2F4D}.Debug|iPhoneSimulator.ActiveCfg = Debug|Any CPU
		{5E4080A6-DE8F-4932-AFD8-56F7332E2F4D}.Debug|iPhoneSimulator.Build.0 = Debug|Any CPU
		{5E4080A6-DE8F-4932-AFD8-56F7332E2F4D}.Debug|iPhoneSimulator.Deploy.0 = Debug|Any CPU
		{5E4080A6-DE8F-4932-AFD8-56F7332E2F4D}.Release|Any CPU.ActiveCfg = Release|Any CPU
		{5E4080A6-DE8F-4932-AFD8-56F7332E2F4D}.Release|Any CPU.Build.0 = Release|Any CPU
		{5E4080A6-DE8F-4932-AFD8-56F7332E2F4D}.Release|Any CPU.Deploy.0 = Release|Any CPU
		{5E4080A6-DE8F-4932-AFD8-56F7332E2F4D}.Release|iPhone.ActiveCfg = Release|Any CPU
		{5E4080A6-DE8F-4932-AFD8-56F7332E2F4D}.Release|iPhone.Build.0 = Release|Any CPU
		{5E4080A6-DE8F-4932-AFD8-56F7332E2F4D}.Release|iPhone.Deploy.0 = Release|Any CPU
		{5E4080A6-DE8F-4932-AFD8-56F7332E2F4D}.Release|iPhoneSimulator.ActiveCfg = Release|Any CPU
		{5E4080A6-DE8F-4932-AFD8-56F7332E2F4D}.Release|iPhoneSimulator.Build.0 = Release|Any CPU
		{5E4080A6-DE8F-4932-AFD8-56F7332E2F4D}.Release|iPhoneSimulator.Deploy.0 = Release|Any CPU
	EndGlobalSection
	GlobalSection(SolutionProperties) = preSolution
		HideSolutionNode = FALSE
	EndGlobalSection
	GlobalSection(ExtensibilityGlobals) = postSolution
		SolutionGuid = {6A1E2627-D85F-4607-97B0-74314F4BF060}
	EndGlobalSection
EndGlobal
